
Microsoft Visual Studio Solution File, Format Version 12.00
# Visual Studio Version 16
VisualStudioVersion = 16.0.30204.135
MinimumVisualStudioVersion = 10.0.40219.1
Project("{9A19103F-16F7-4668-BE54-9A1E7A4F7556}") = "Basics", "WebApplication\Basics.csproj", "{DDD49467-87AD-4C7B-93D5-21A732CFDC73}"
EndProject
Project("{9A19103F-16F7-4668-BE54-9A1E7A4F7556}") = "IdentityExample", "IdentityExample\IdentityExample.csproj", "{F9B71CE6-AFEA-45D2-9906-25C8173035B7}"
EndProject
Project("{2150E333-8FDC-42A3-9474-1A3956D46DE8}") = "Basic", "Basic", "{35B6F7E6-77A5-4313-BCEF-24BA7DC44A4F}"
EndProject
Project("{2150E333-8FDC-42A3-9474-1A3956D46DE8}") = "OAuth", "OAuth", "{79A1E930-EB67-4D49-B771-843F78E9DF48}"
EndProject
Project("{9A19103F-16F7-4668-BE54-9A1E7A4F7556}") = "Server", "Server\Server.csproj", "{E8E3630D-F280-415C-A44C-655250D9F251}"
EndProject
Project("{9A19103F-16F7-4668-BE54-9A1E7A4F7556}") = "Client", "Client\Client.csproj", "{1CA8D0E3-F352-4AB3-8266-CD3F8F842E6B}"
EndProject
Project("{9A19103F-16F7-4668-BE54-9A1E7A4F7556}") = "Api", "Api\Api.csproj", "{3D443C4E-F0D7-42F5-B21F-CF5D9CC0EF6E}"
EndProject
Project("{2150E333-8FDC-42A3-9474-1A3956D46DE8}") = "My API", "My API", "{E3938CBA-1415-4738-9606-6DEDBB895D91}"
EndProject
Project("{FAE04EC0-301F-11D3-BF4B-00C04F79EFBC}") = "MyApi", "MyApi\MyApi.csproj", "{001CBF56-EE3B-47EA-8EB2-B202438784E2}"
EndProject
Global
	GlobalSection(SolutionConfigurationPlatforms) = preSolution
		Debug|Any CPU = Debug|Any CPU
		Release|Any CPU = Release|Any CPU
	EndGlobalSection
	GlobalSection(ProjectConfigurationPlatforms) = postSolution
		{DDD49467-87AD-4C7B-93D5-21A732CFDC73}.Debug|Any CPU.ActiveCfg = Debug|Any CPU
		{DDD49467-87AD-4C7B-93D5-21A732CFDC73}.Debug|Any CPU.Build.0 = Debug|Any CPU
		{DDD49467-87AD-4C7B-93D5-21A732CFDC73}.Release|Any CPU.ActiveCfg = Release|Any CPU
		{DDD49467-87AD-4C7B-93D5-21A732CFDC73}.Release|Any CPU.Build.0 = Release|Any CPU
		{F9B71CE6-AFEA-45D2-9906-25C8173035B7}.Debug|Any CPU.ActiveCfg = Debug|Any CPU
		{F9B71CE6-AFEA-45D2-9906-25C8173035B7}.Debug|Any CPU.Build.0 = Debug|Any CPU
		{F9B71CE6-AFEA-45D2-9906-25C8173035B7}.Release|Any CPU.ActiveCfg = Release|Any CPU
		{F9B71CE6-AFEA-45D2-9906-25C8173035B7}.Release|Any CPU.Build.0 = Release|Any CPU
		{E8E3630D-F280-415C-A44C-655250D9F251}.Debug|Any CPU.ActiveCfg = Debug|Any CPU
		{E8E3630D-F280-415C-A44C-655250D9F251}.Debug|Any CPU.Build.0 = Debug|Any CPU
		{E8E3630D-F280-415C-A44C-655250D9F251}.Release|Any CPU.ActiveCfg = Release|Any CPU
		{E8E3630D-F280-415C-A44C-655250D9F251}.Release|Any CPU.Build.0 = Release|Any CPU
		{1CA8D0E3-F352-4AB3-8266-CD3F8F842E6B}.Debug|Any CPU.ActiveCfg = Debug|Any CPU
		{1CA8D0E3-F352-4AB3-8266-CD3F8F842E6B}.Debug|Any CPU.Build.0 = Debug|Any CPU
		{1CA8D0E3-F352-4AB3-8266-CD3F8F842E6B}.Release|Any CPU.ActiveCfg = Release|Any CPU
		{1CA8D0E3-F352-4AB3-8266-CD3F8F842E6B}.Release|Any CPU.Build.0 = Release|Any CPU
		{3D443C4E-F0D7-42F5-B21F-CF5D9CC0EF6E}.Debug|Any CPU.ActiveCfg = Debug|Any CPU
		{3D443C4E-F0D7-42F5-B21F-CF5D9CC0EF6E}.Debug|Any CPU.Build.0 = Debug|Any CPU
		{3D443C4E-F0D7-42F5-B21F-CF5D9CC0EF6E}.Release|Any CPU.ActiveCfg = Release|Any CPU
		{3D443C4E-F0D7-42F5-B21F-CF5D9CC0EF6E}.Release|Any CPU.Build.0 = Release|Any CPU
		{001CBF56-EE3B-47EA-8EB2-B202438784E2}.Debug|Any CPU.ActiveCfg = Debug|Any CPU
		{001CBF56-EE3B-47EA-8EB2-B202438784E2}.Debug|Any CPU.Build.0 = Debug|Any CPU
		{001CBF56-EE3B-47EA-8EB2-B202438784E2}.Release|Any CPU.ActiveCfg = Release|Any CPU
		{001CBF56-EE3B-47EA-8EB2-B202438784E2}.Release|Any CPU.Build.0 = Release|Any CPU
	EndGlobalSection
	GlobalSection(SolutionProperties) = preSolution
		HideSolutionNode = FALSE
	EndGlobalSection
	GlobalSection(NestedProjects) = preSolution
		{DDD49467-87AD-4C7B-93D5-21A732CFDC73} = {35B6F7E6-77A5-4313-BCEF-24BA7DC44A4F}
		{F9B71CE6-AFEA-45D2-9906-25C8173035B7} = {35B6F7E6-77A5-4313-BCEF-24BA7DC44A4F}
		{E8E3630D-F280-415C-A44C-655250D9F251} = {79A1E930-EB67-4D49-B771-843F78E9DF48}
		{1CA8D0E3-F352-4AB3-8266-CD3F8F842E6B} = {79A1E930-EB67-4D49-B771-843F78E9DF48}
		{3D443C4E-F0D7-42F5-B21F-CF5D9CC0EF6E} = {79A1E930-EB67-4D49-B771-843F78E9DF48}
		{001CBF56-EE3B-47EA-8EB2-B202438784E2} = {E3938CBA-1415-4738-9606-6DEDBB895D91}
	EndGlobalSection
	GlobalSection(ExtensibilityGlobals) = postSolution
		SolutionGuid = {36F13434-373D-4830-8551-1B955BEFBD03}
	EndGlobalSection
EndGlobal
